
Microsoft Visual Studio Solution File, Format Version 12.00
# Visual Studio Version 17
VisualStudioVersion = 17.7.34221.43
MinimumVisualStudioVersion = 10.0.40219.1
Project("{FAE04EC0-301F-11D3-BF4B-00C04F79EFBC}") = "VpnDialer", "VpnDialer.csproj", "{26228B68-6B3C-451D-BF10-68D66D8041D2}"
EndProject
Global
	GlobalSection(SolutionConfigurationPlatforms) = preSolution
		Debug|Any CPU = Debug|Any CPU
		Release|Any CPU = Release|Any CPU
	EndGlobalSection
	GlobalSection(ProjectConfigurationPlatforms) = postSolution
		{26228B68-6B3C-451D-BF10-68D66D8041D2}.Debug|Any CPU.ActiveCfg = Debug|Any CPU
		{26228B68-6B3C-451D-BF10-68D66D8041D2}.Debug|Any CPU.Build.0 = Debug|Any CPU
		{26228B68-6B3C-451D-BF10-68D66D8041D2}.Release|Any CPU.ActiveCfg = Release|Any CPU
		{26228B68-6B3C-451D-BF10-68D66D8041D2}.Release|Any CPU.Build.0 = Release|Any CPU
	EndGlobalSection
	GlobalSection(SolutionProperties) = preSolution
		HideSolutionNode = FALSE
	EndGlobalSection
	GlobalSection(ExtensibilityGlobals) = postSolution
		SolutionGuid = {703A84E1-F5DA-45CA-8E6C-31B7BF7A5D35}
	EndGlobalSection
EndGlobal
